// !$*UTF8*$!
{
	archiveVersion = 1;
	classes = {
	};
	objectVersion = 48;
	objects = {

/* Begin PBXBuildFile section */
		69927EF34CD2F05DAFC2C7B9 /* Pods_GithubSample.framework in Frameworks */ = {isa = PBXBuildFile; fileRef = 937F62DACAE77F430EFD48C7 /* Pods_GithubSample.framework */; };
		E52A8B1B1FE54A0F00CCCC68 /* Assets.xcassets in Resources */ = {isa = PBXBuildFile; fileRef = E52A8B1A1FE54A0F00CCCC68 /* Assets.xcassets */; };
		E52A8B1E1FE54A0F00CCCC68 /* LaunchScreen.storyboard in Resources */ = {isa = PBXBuildFile; fileRef = E52A8B1C1FE54A0F00CCCC68 /* LaunchScreen.storyboard */; };
		E52A8B2B1FE552B100CCCC68 /* ConfigurationManager.swift in Sources */ = {isa = PBXBuildFile; fileRef = E52A8B2A1FE552B100CCCC68 /* ConfigurationManager.swift */; };
		E52A8B2E1FE5530000CCCC68 /* APIManager.swift in Sources */ = {isa = PBXBuildFile; fileRef = E52A8B2D1FE5530000CCCC68 /* APIManager.swift */; };
		E5AA980F1FE6B96300BB80B1 /* GSPlaceholderView.swift in Sources */ = {isa = PBXBuildFile; fileRef = E5AA980E1FE6B96300BB80B1 /* GSPlaceholderView.swift */; };
		E5AA98111FE6B96A00BB80B1 /* GSPlaceholderView.xib in Resources */ = {isa = PBXBuildFile; fileRef = E5AA98101FE6B96A00BB80B1 /* GSPlaceholderView.xib */; };
		E5AA98141FE6BB4C00BB80B1 /* GSUserDetailVC.swift in Sources */ = {isa = PBXBuildFile; fileRef = E5AA98131FE6BB4C00BB80B1 /* GSUserDetailVC.swift */; };
		E5AA98161FE6BBBB00BB80B1 /* UIStoryboard+Additions.swift in Sources */ = {isa = PBXBuildFile; fileRef = E5AA98151FE6BBBB00BB80B1 /* UIStoryboard+Additions.swift */; };
		E5AA98241FE6C82A00BB80B1 /* GSUserDetailVC+TableExtension.swift in Sources */ = {isa = PBXBuildFile; fileRef = E5AA98231FE6C82A00BB80B1 /* GSUserDetailVC+TableExtension.swift */; };
		E5AA98261FE6C95E00BB80B1 /* UIColor+Additions.swift in Sources */ = {isa = PBXBuildFile; fileRef = E5AA98251FE6C95E00BB80B1 /* UIColor+Additions.swift */; };
		E5AA98331FE6D4F800BB80B1 /* GSProfileHeaderTableCell.swift in Sources */ = {isa = PBXBuildFile; fileRef = E5AA982C1FE6D4F800BB80B1 /* GSProfileHeaderTableCell.swift */; };
		E5AA98341FE6D4F800BB80B1 /* GSProfileHeaderTableCell.xib in Resources */ = {isa = PBXBuildFile; fileRef = E5AA982D1FE6D4F800BB80B1 /* GSProfileHeaderTableCell.xib */; };
		E5AA98351FE6D4F800BB80B1 /* GSProfileOverviewTableCell.swift in Sources */ = {isa = PBXBuildFile; fileRef = E5AA982E1FE6D4F800BB80B1 /* GSProfileOverviewTableCell.swift */; };
		E5AA98361FE6D4F800BB80B1 /* GSProfileOverviewTableCell.xib in Resources */ = {isa = PBXBuildFile; fileRef = E5AA982F1FE6D4F800BB80B1 /* GSProfileOverviewTableCell.xib */; };
		E5AA98371FE6D4F800BB80B1 /* GSSearchCell.swift in Sources */ = {isa = PBXBuildFile; fileRef = E5AA98311FE6D4F800BB80B1 /* GSSearchCell.swift */; };
		E5AA98381FE6D4F800BB80B1 /* GSSearchCell.xib in Resources */ = {isa = PBXBuildFile; fileRef = E5AA98321FE6D4F800BB80B1 /* GSSearchCell.xib */; };
		E5AA983B1FE6DB8800BB80B1 /* GSProfileOverviewSubview.swift in Sources */ = {isa = PBXBuildFile; fileRef = E5AA983A1FE6DB8800BB80B1 /* GSProfileOverviewSubview.swift */; };
		E5AA983D1FE6E5A200BB80B1 /* Date+Additons.swift in Sources */ = {isa = PBXBuildFile; fileRef = E5AA983C1FE6E5A200BB80B1 /* Date+Additons.swift */; };
		E5AA98401FE6EBF500BB80B1 /* GSBioTableCell.swift in Sources */ = {isa = PBXBuildFile; fileRef = E5AA983E1FE6EBF500BB80B1 /* GSBioTableCell.swift */; };
		E5AA98411FE6EBF500BB80B1 /* GSBioTableCell.xib in Resources */ = {isa = PBXBuildFile; fileRef = E5AA983F1FE6EBF500BB80B1 /* GSBioTableCell.xib */; };
		E5AA984B1FE6F2E500BB80B1 /* User+Services.swift in Sources */ = {isa = PBXBuildFile; fileRef = E5AA98491FE6F2E500BB80B1 /* User+Services.swift */; };
		E5AA984C1FE6F2E500BB80B1 /* User.swift in Sources */ = {isa = PBXBuildFile; fileRef = E5AA984A1FE6F2E500BB80B1 /* User.swift */; };
		E5D572BC1FE55CE100DBD57A /* AppDelegate.swift in Sources */ = {isa = PBXBuildFile; fileRef = E5D572BB1FE55CE000DBD57A /* AppDelegate.swift */; };
		E5D572C31FE55EB100DBD57A /* Search.storyboard in Resources */ = {isa = PBXBuildFile; fileRef = E5D572C21FE55EB100DBD57A /* Search.storyboard */; };
		E5D572DC1FE5780300DBD57A /* Constants.swift in Sources */ = {isa = PBXBuildFile; fileRef = E5D572DB1FE5780300DBD57A /* Constants.swift */; };
		E5D572DF1FE5816A00DBD57A /* UIViewController+Additions.swift in Sources */ = {isa = PBXBuildFile; fileRef = E5D572DE1FE5816A00DBD57A /* UIViewController+Additions.swift */; };
		E5D572E21FE581CC00DBD57A /* GSLoadMoreView.swift in Sources */ = {isa = PBXBuildFile; fileRef = E5D572E11FE581CC00DBD57A /* GSLoadMoreView.swift */; };
		E5D572E41FE581D300DBD57A /* GSLoadMoreView.xib in Resources */ = {isa = PBXBuildFile; fileRef = E5D572E31FE581D300DBD57A /* GSLoadMoreView.xib */; };
		E5D572E91FE59EAE00DBD57A /* GSSearchListVC+SearchDelegates.swift in Sources */ = {isa = PBXBuildFile; fileRef = E5D572E61FE59EAE00DBD57A /* GSSearchListVC+SearchDelegates.swift */; };
		E5D572EA1FE59EAE00DBD57A /* GSSearchListVC+TableExtension.swift in Sources */ = {isa = PBXBuildFile; fileRef = E5D572E71FE59EAE00DBD57A /* GSSearchListVC+TableExtension.swift */; };
		E5D572EB1FE59EAE00DBD57A /* GSSearchListVC.swift in Sources */ = {isa = PBXBuildFile; fileRef = E5D572E81FE59EAE00DBD57A /* GSSearchListVC.swift */; };
/* End PBXBuildFile section */

/* Begin PBXFileReference section */
		317EB950DE0E03246CC98BB4 /* Pods-GithubSample.debug.xcconfig */ = {isa = PBXFileReference; includeInIndex = 1; lastKnownFileType = text.xcconfig; name = "Pods-GithubSample.debug.xcconfig"; path = "Pods/Target Support Files/Pods-GithubSample/Pods-GithubSample.debug.xcconfig"; sourceTree = "<group>"; };
		937F62DACAE77F430EFD48C7 /* Pods_GithubSample.framework */ = {isa = PBXFileReference; explicitFileType = wrapper.framework; includeInIndex = 0; path = Pods_GithubSample.framework; sourceTree = BUILT_PRODUCTS_DIR; };
		E52A8B101FE54A0F00CCCC68 /* GithubSample.app */ = {isa = PBXFileReference; explicitFileType = wrapper.application; includeInIndex = 0; path = GithubSample.app; sourceTree = BUILT_PRODUCTS_DIR; };
		E52A8B1A1FE54A0F00CCCC68 /* Assets.xcassets */ = {isa = PBXFileReference; lastKnownFileType = folder.assetcatalog; path = Assets.xcassets; sourceTree = "<group>"; };
		E52A8B1D1FE54A0F00CCCC68 /* Base */ = {isa = PBXFileReference; lastKnownFileType = file.storyboard; name = Base; path = Base.lproj/LaunchScreen.storyboard; sourceTree = "<group>"; };
		E52A8B1F1FE54A0F00CCCC68 /* Info.plist */ = {isa = PBXFileReference; lastKnownFileType = text.plist.xml; path = Info.plist; sourceTree = "<group>"; };
		E52A8B2A1FE552B100CCCC68 /* ConfigurationManager.swift */ = {isa = PBXFileReference; fileEncoding = 4; lastKnownFileType = sourcecode.swift; path = ConfigurationManager.swift; sourceTree = "<group>"; };
		E52A8B2D1FE5530000CCCC68 /* APIManager.swift */ = {isa = PBXFileReference; lastKnownFileType = sourcecode.swift; path = APIManager.swift; sourceTree = "<group>"; };
		E5AA980E1FE6B96300BB80B1 /* GSPlaceholderView.swift */ = {isa = PBXFileReference; lastKnownFileType = sourcecode.swift; path = GSPlaceholderView.swift; sourceTree = "<group>"; };
		E5AA98101FE6B96A00BB80B1 /* GSPlaceholderView.xib */ = {isa = PBXFileReference; lastKnownFileType = file.xib; path = GSPlaceholderView.xib; sourceTree = "<group>"; };
		E5AA98131FE6BB4C00BB80B1 /* GSUserDetailVC.swift */ = {isa = PBXFileReference; lastKnownFileType = sourcecode.swift; path = GSUserDetailVC.swift; sourceTree = "<group>"; };
		E5AA98151FE6BBBB00BB80B1 /* UIStoryboard+Additions.swift */ = {isa = PBXFileReference; lastKnownFileType = sourcecode.swift; path = "UIStoryboard+Additions.swift"; sourceTree = "<group>"; };
		E5AA98231FE6C82A00BB80B1 /* GSUserDetailVC+TableExtension.swift */ = {isa = PBXFileReference; lastKnownFileType = sourcecode.swift; path = "GSUserDetailVC+TableExtension.swift"; sourceTree = "<group>"; };
		E5AA98251FE6C95E00BB80B1 /* UIColor+Additions.swift */ = {isa = PBXFileReference; lastKnownFileType = sourcecode.swift; path = "UIColor+Additions.swift"; sourceTree = "<group>"; };
		E5AA982C1FE6D4F800BB80B1 /* GSProfileHeaderTableCell.swift */ = {isa = PBXFileReference; fileEncoding = 4; lastKnownFileType = sourcecode.swift; path = GSProfileHeaderTableCell.swift; sourceTree = "<group>"; };
		E5AA982D1FE6D4F800BB80B1 /* GSProfileHeaderTableCell.xib */ = {isa = PBXFileReference; fileEncoding = 4; lastKnownFileType = file.xib; path = GSProfileHeaderTableCell.xib; sourceTree = "<group>"; };
		E5AA982E1FE6D4F800BB80B1 /* GSProfileOverviewTableCell.swift */ = {isa = PBXFileReference; fileEncoding = 4; lastKnownFileType = sourcecode.swift; path = GSProfileOverviewTableCell.swift; sourceTree = "<group>"; };
		E5AA982F1FE6D4F800BB80B1 /* GSProfileOverviewTableCell.xib */ = {isa = PBXFileReference; fileEncoding = 4; lastKnownFileType = file.xib; path = GSProfileOverviewTableCell.xib; sourceTree = "<group>"; };
		E5AA98311FE6D4F800BB80B1 /* GSSearchCell.swift */ = {isa = PBXFileReference; fileEncoding = 4; lastKnownFileType = sourcecode.swift; path = GSSearchCell.swift; sourceTree = "<group>"; };
		E5AA98321FE6D4F800BB80B1 /* GSSearchCell.xib */ = {isa = PBXFileReference; fileEncoding = 4; lastKnownFileType = file.xib; path = GSSearchCell.xib; sourceTree = "<group>"; };
		E5AA983A1FE6DB8800BB80B1 /* GSProfileOverviewSubview.swift */ = {isa = PBXFileReference; lastKnownFileType = sourcecode.swift; path = GSProfileOverviewSubview.swift; sourceTree = "<group>"; };
		E5AA983C1FE6E5A200BB80B1 /* Date+Additons.swift */ = {isa = PBXFileReference; lastKnownFileType = sourcecode.swift; path = "Date+Additons.swift"; sourceTree = "<group>"; };
		E5AA983E1FE6EBF500BB80B1 /* GSBioTableCell.swift */ = {isa = PBXFileReference; lastKnownFileType = sourcecode.swift; path = GSBioTableCell.swift; sourceTree = "<group>"; };
		E5AA983F1FE6EBF500BB80B1 /* GSBioTableCell.xib */ = {isa = PBXFileReference; lastKnownFileType = file.xib; path = GSBioTableCell.xib; sourceTree = "<group>"; };
		E5AA98491FE6F2E500BB80B1 /* User+Services.swift */ = {isa = PBXFileReference; fileEncoding = 4; lastKnownFileType = sourcecode.swift; path = "User+Services.swift"; sourceTree = "<group>"; };
		E5AA984A1FE6F2E500BB80B1 /* User.swift */ = {isa = PBXFileReference; fileEncoding = 4; lastKnownFileType = sourcecode.swift; path = User.swift; sourceTree = "<group>"; };
		E5D572BB1FE55CE000DBD57A /* AppDelegate.swift */ = {isa = PBXFileReference; fileEncoding = 4; lastKnownFileType = sourcecode.swift; path = AppDelegate.swift; sourceTree = "<group>"; };
		E5D572C21FE55EB100DBD57A /* Search.storyboard */ = {isa = PBXFileReference; lastKnownFileType = file.storyboard; path = Search.storyboard; sourceTree = "<group>"; };
		E5D572DB1FE5780300DBD57A /* Constants.swift */ = {isa = PBXFileReference; lastKnownFileType = sourcecode.swift; path = Constants.swift; sourceTree = "<group>"; };
		E5D572DE1FE5816A00DBD57A /* UIViewController+Additions.swift */ = {isa = PBXFileReference; lastKnownFileType = sourcecode.swift; path = "UIViewController+Additions.swift"; sourceTree = "<group>"; };
		E5D572E11FE581CC00DBD57A /* GSLoadMoreView.swift */ = {isa = PBXFileReference; lastKnownFileType = sourcecode.swift; path = GSLoadMoreView.swift; sourceTree = "<group>"; };
		E5D572E31FE581D300DBD57A /* GSLoadMoreView.xib */ = {isa = PBXFileReference; lastKnownFileType = file.xib; path = GSLoadMoreView.xib; sourceTree = "<group>"; };
		E5D572E61FE59EAE00DBD57A /* GSSearchListVC+SearchDelegates.swift */ = {isa = PBXFileReference; fileEncoding = 4; lastKnownFileType = sourcecode.swift; path = "GSSearchListVC+SearchDelegates.swift"; sourceTree = "<group>"; };
		E5D572E71FE59EAE00DBD57A /* GSSearchListVC+TableExtension.swift */ = {isa = PBXFileReference; fileEncoding = 4; lastKnownFileType = sourcecode.swift; path = "GSSearchListVC+TableExtension.swift"; sourceTree = "<group>"; };
		E5D572E81FE59EAE00DBD57A /* GSSearchListVC.swift */ = {isa = PBXFileReference; fileEncoding = 4; lastKnownFileType = sourcecode.swift; path = GSSearchListVC.swift; sourceTree = "<group>"; };
		F767F54BF729E56896570EBE /* Pods-GithubSample.release.xcconfig */ = {isa = PBXFileReference; includeInIndex = 1; lastKnownFileType = text.xcconfig; name = "Pods-GithubSample.release.xcconfig"; path = "Pods/Target Support Files/Pods-GithubSample/Pods-GithubSample.release.xcconfig"; sourceTree = "<group>"; };
/* End PBXFileReference section */

/* Begin PBXFrameworksBuildPhase section */
		E52A8B0D1FE54A0F00CCCC68 /* Frameworks */ = {
			isa = PBXFrameworksBuildPhase;
			buildActionMask = 2147483647;
			files = (
				69927EF34CD2F05DAFC2C7B9 /* Pods_GithubSample.framework in Frameworks */,
			);
			runOnlyForDeploymentPostprocessing = 0;
		};
/* End PBXFrameworksBuildPhase section */

/* Begin PBXGroup section */
		352B1D42DC755D181A09E0F3 /* Pods */ = {
			isa = PBXGroup;
			children = (
				317EB950DE0E03246CC98BB4 /* Pods-GithubSample.debug.xcconfig */,
				F767F54BF729E56896570EBE /* Pods-GithubSample.release.xcconfig */,
			);
			name = Pods;
			sourceTree = "<group>";
		};
		9064D02538880B696D2DC2BD /* Frameworks */ = {
			isa = PBXGroup;
			children = (
				937F62DACAE77F430EFD48C7 /* Pods_GithubSample.framework */,
			);
			name = Frameworks;
			sourceTree = "<group>";
		};
		E52A8B071FE54A0F00CCCC68 = {
			isa = PBXGroup;
			children = (
				E52A8B121FE54A0F00CCCC68 /* GithubSample */,
				E52A8B111FE54A0F00CCCC68 /* Products */,
				352B1D42DC755D181A09E0F3 /* Pods */,
				9064D02538880B696D2DC2BD /* Frameworks */,
			);
			sourceTree = "<group>";
		};
		E52A8B111FE54A0F00CCCC68 /* Products */ = {
			isa = PBXGroup;
			children = (
				E52A8B101FE54A0F00CCCC68 /* GithubSample.app */,
			);
			name = Products;
			sourceTree = "<group>";
		};
		E52A8B121FE54A0F00CCCC68 /* GithubSample */ = {
			isa = PBXGroup;
			children = (
				E5AA98421FE6F2D400BB80B1 /* Models */,
				E5D572DD1FE5815A00DBD57A /* Extensions */,
				E5D572DA1FE577DB00DBD57A /* Constants */,
				E5D572BA1FE55CD400DBD57A /* AppDelegate */,
				E52A8B4C1FE554F600CCCC68 /* Views */,
				E52A8B2F1FE5540A00CCCC68 /* ViewControllers */,
				E52A8B251FE54D5800CCCC68 /* Managers */,
				E52A8B1A1FE54A0F00CCCC68 /* Assets.xcassets */,
				E52A8B1C1FE54A0F00CCCC68 /* LaunchScreen.storyboard */,
				E52A8B1F1FE54A0F00CCCC68 /* Info.plist */,
			);
			path = GithubSample;
			sourceTree = "<group>";
		};
		E52A8B251FE54D5800CCCC68 /* Managers */ = {
			isa = PBXGroup;
			children = (
				E52A8B2C1FE552F500CCCC68 /* APIManager */,
				E52A8B291FE552B100CCCC68 /* ConfigurationManager */,
			);
			path = Managers;
			sourceTree = "<group>";
		};
		E52A8B291FE552B100CCCC68 /* ConfigurationManager */ = {
			isa = PBXGroup;
			children = (
				E52A8B2A1FE552B100CCCC68 /* ConfigurationManager.swift */,
			);
			path = ConfigurationManager;
			sourceTree = "<group>";
		};
		E52A8B2C1FE552F500CCCC68 /* APIManager */ = {
			isa = PBXGroup;
			children = (
				E52A8B2D1FE5530000CCCC68 /* APIManager.swift */,
			);
			path = APIManager;
			sourceTree = "<group>";
		};
		E52A8B2F1FE5540A00CCCC68 /* ViewControllers */ = {
			isa = PBXGroup;
			children = (
				E5AA98121FE6BB3A00BB80B1 /* UserDetail */,
				E5D572E51FE59EAE00DBD57A /* SearchList */,
			);
			path = ViewControllers;
			sourceTree = "<group>";
		};
		E52A8B4C1FE554F600CCCC68 /* Views */ = {
			isa = PBXGroup;
			children = (
				E5AA98391FE6DB6000BB80B1 /* ProfileOverviewSubview */,
				E5AA98091FE6B57D00BB80B1 /* PlaceholderViews */,
				E5D572E01FE581B200DBD57A /* LoadMore */,
				E5D572BD1FE55DF700DBD57A /* Storyboards */,
				E52A8B4D1FE5550700CCCC68 /* TableCells */,
			);
			path = Views;
			sourceTree = "<group>";
		};
		E52A8B4D1FE5550700CCCC68 /* TableCells */ = {
			isa = PBXGroup;
			children = (
				E5AA98301FE6D4F800BB80B1 /* Search */,
				E5AA982B1FE6D4F800BB80B1 /* UserDetail */,
			);
			path = TableCells;
			sourceTree = "<group>";
		};
		E5AA98091FE6B57D00BB80B1 /* PlaceholderViews */ = {
			isa = PBXGroup;
			children = (
				E5AA980E1FE6B96300BB80B1 /* GSPlaceholderView.swift */,
				E5AA98101FE6B96A00BB80B1 /* GSPlaceholderView.xib */,
			);
			path = PlaceholderViews;
			sourceTree = "<group>";
		};
		E5AA98121FE6BB3A00BB80B1 /* UserDetail */ = {
			isa = PBXGroup;
			children = (
				E5AA98131FE6BB4C00BB80B1 /* GSUserDetailVC.swift */,
				E5AA98231FE6C82A00BB80B1 /* GSUserDetailVC+TableExtension.swift */,
			);
			path = UserDetail;
			sourceTree = "<group>";
		};
		E5AA982B1FE6D4F800BB80B1 /* UserDetail */ = {
			isa = PBXGroup;
			children = (
				E5AA982C1FE6D4F800BB80B1 /* GSProfileHeaderTableCell.swift */,
				E5AA982D1FE6D4F800BB80B1 /* GSProfileHeaderTableCell.xib */,
				E5AA982E1FE6D4F800BB80B1 /* GSProfileOverviewTableCell.swift */,
				E5AA982F1FE6D4F800BB80B1 /* GSProfileOverviewTableCell.xib */,
				E5AA983E1FE6EBF500BB80B1 /* GSBioTableCell.swift */,
				E5AA983F1FE6EBF500BB80B1 /* GSBioTableCell.xib */,
			);
			path = UserDetail;
			sourceTree = "<group>";
		};
		E5AA98301FE6D4F800BB80B1 /* Search */ = {
			isa = PBXGroup;
			children = (
				E5AA98311FE6D4F800BB80B1 /* GSSearchCell.swift */,
				E5AA98321FE6D4F800BB80B1 /* GSSearchCell.xib */,
			);
			path = Search;
			sourceTree = "<group>";
		};
		E5AA98391FE6DB6000BB80B1 /* ProfileOverviewSubview */ = {
			isa = PBXGroup;
			children = (
				E5AA983A1FE6DB8800BB80B1 /* GSProfileOverviewSubview.swift */,
			);
			path = ProfileOverviewSubview;
			sourceTree = "<group>";
		};
		E5AA98421FE6F2D400BB80B1 /* Models */ = {
			isa = PBXGroup;
			children = (
				E5AA98481FE6F2E500BB80B1 /* User */,
			);
			path = Models;
			sourceTree = "<group>";
		};
		E5AA98481FE6F2E500BB80B1 /* User */ = {
			isa = PBXGroup;
			children = (
				E5AA98491FE6F2E500BB80B1 /* User+Services.swift */,
				E5AA984A1FE6F2E500BB80B1 /* User.swift */,
			);
			path = User;
			sourceTree = "<group>";
		};
		E5D572BA1FE55CD400DBD57A /* AppDelegate */ = {
			isa = PBXGroup;
			children = (
				E5D572BB1FE55CE000DBD57A /* AppDelegate.swift */,
			);
			path = AppDelegate;
			sourceTree = "<group>";
		};
		E5D572BD1FE55DF700DBD57A /* Storyboards */ = {
			isa = PBXGroup;
			children = (
				E5D572C21FE55EB100DBD57A /* Search.storyboard */,
			);
			path = Storyboards;
			sourceTree = "<group>";
		};
		E5D572DA1FE577DB00DBD57A /* Constants */ = {
			isa = PBXGroup;
			children = (
				E5D572DB1FE5780300DBD57A /* Constants.swift */,
			);
			path = Constants;
			sourceTree = "<group>";
		};
		E5D572DD1FE5815A00DBD57A /* Extensions */ = {
			isa = PBXGroup;
			children = (
				E5D572DE1FE5816A00DBD57A /* UIViewController+Additions.swift */,
				E5AA98151FE6BBBB00BB80B1 /* UIStoryboard+Additions.swift */,
				E5AA98251FE6C95E00BB80B1 /* UIColor+Additions.swift */,
				E5AA983C1FE6E5A200BB80B1 /* Date+Additons.swift */,
			);
			path = Extensions;
			sourceTree = "<group>";
		};
		E5D572E01FE581B200DBD57A /* LoadMore */ = {
			isa = PBXGroup;
			children = (
				E5D572E11FE581CC00DBD57A /* GSLoadMoreView.swift */,
				E5D572E31FE581D300DBD57A /* GSLoadMoreView.xib */,
			);
			path = LoadMore;
			sourceTree = "<group>";
		};
		E5D572E51FE59EAE00DBD57A /* SearchList */ = {
			isa = PBXGroup;
			children = (
				E5D572E61FE59EAE00DBD57A /* GSSearchListVC+SearchDelegates.swift */,
				E5D572E71FE59EAE00DBD57A /* GSSearchListVC+TableExtension.swift */,
				E5D572E81FE59EAE00DBD57A /* GSSearchListVC.swift */,
			);
			path = SearchList;
			sourceTree = "<group>";
		};
/* End PBXGroup section */

/* Begin PBXNativeTarget section */
		E52A8B0F1FE54A0F00CCCC68 /* GithubSample */ = {
			isa = PBXNativeTarget;
			buildConfigurationList = E52A8B221FE54A0F00CCCC68 /* Build configuration list for PBXNativeTarget "GithubSample" */;
			buildPhases = (
				A0DFE348832B9C082274BBA9 /* [CP] Check Pods Manifest.lock */,
				E52A8B0C1FE54A0F00CCCC68 /* Sources */,
				E52A8B0D1FE54A0F00CCCC68 /* Frameworks */,
				E52A8B0E1FE54A0F00CCCC68 /* Resources */,
				EEE6C85C8D6262526E637E65 /* [CP] Embed Pods Frameworks */,
				8FCBABD39A45667DF10A6ED9 /* [CP] Copy Pods Resources */,
			);
			buildRules = (
			);
			dependencies = (
			);
			name = GithubSample;
			productName = GithubSample;
			productReference = E52A8B101FE54A0F00CCCC68 /* GithubSample.app */;
			productType = "com.apple.product-type.application";
		};
/* End PBXNativeTarget section */

/* Begin PBXProject section */
		E52A8B081FE54A0F00CCCC68 /* Project object */ = {
			isa = PBXProject;
			attributes = {
				LastSwiftUpdateCheck = 0920;
				LastUpgradeCheck = 0920;
				ORGANIZATIONNAME = "Rajan Maheshwari";
				TargetAttributes = {
					E52A8B0F1FE54A0F00CCCC68 = {
						CreatedOnToolsVersion = 9.2;
						ProvisioningStyle = Automatic;
					};
				};
			};
			buildConfigurationList = E52A8B0B1FE54A0F00CCCC68 /* Build configuration list for PBXProject "GithubSample" */;
			compatibilityVersion = "Xcode 8.0";
			developmentRegion = en;
			hasScannedForEncodings = 0;
			knownRegions = (
				en,
				Base,
			);
			mainGroup = E52A8B071FE54A0F00CCCC68;
			productRefGroup = E52A8B111FE54A0F00CCCC68 /* Products */;
			projectDirPath = "";
			projectRoot = "";
			targets = (
				E52A8B0F1FE54A0F00CCCC68 /* GithubSample */,
			);
		};
/* End PBXProject section */

/* Begin PBXResourcesBuildPhase section */
		E52A8B0E1FE54A0F00CCCC68 /* Resources */ = {
			isa = PBXResourcesBuildPhase;
			buildActionMask = 2147483647;
			files = (
				E52A8B1E1FE54A0F00CCCC68 /* LaunchScreen.storyboard in Resources */,
				E5AA98381FE6D4F800BB80B1 /* GSSearchCell.xib in Resources */,
				E5AA98111FE6B96A00BB80B1 /* GSPlaceholderView.xib in Resources */,
				E52A8B1B1FE54A0F00CCCC68 /* Assets.xcassets in Resources */,
				E5AA98361FE6D4F800BB80B1 /* GSProfileOverviewTableCell.xib in Resources */,
				E5AA98341FE6D4F800BB80B1 /* GSProfileHeaderTableCell.xib in Resources */,
				E5D572E41FE581D300DBD57A /* GSLoadMoreView.xib in Resources */,
				E5AA98411FE6EBF500BB80B1 /* GSBioTableCell.xib in Resources */,
				E5D572C31FE55EB100DBD57A /* Search.storyboard in Resources */,
			);
			runOnlyForDeploymentPostprocessing = 0;
		};
/* End PBXResourcesBuildPhase section */

/* Begin PBXShellScriptBuildPhase section */
		8FCBABD39A45667DF10A6ED9 /* [CP] Copy Pods Resources */ = {
			isa = PBXShellScriptBuildPhase;
			buildActionMask = 2147483647;
			files = (
			);
			inputPaths = (
			);
			name = "[CP] Copy Pods Resources";
			outputPaths = (
			);
			runOnlyForDeploymentPostprocessing = 0;
			shellPath = /bin/sh;
			shellScript = "\"${SRCROOT}/Pods/Target Support Files/Pods-GithubSample/Pods-GithubSample-resources.sh\"\n";
			showEnvVarsInLog = 0;
		};
		A0DFE348832B9C082274BBA9 /* [CP] Check Pods Manifest.lock */ = {
			isa = PBXShellScriptBuildPhase;
			buildActionMask = 2147483647;
			files = (
			);
			inputPaths = (
				"${PODS_PODFILE_DIR_PATH}/Podfile.lock",
				"${PODS_ROOT}/Manifest.lock",
			);
			name = "[CP] Check Pods Manifest.lock";
			outputPaths = (
				"$(DERIVED_FILE_DIR)/Pods-GithubSample-checkManifestLockResult.txt",
			);
			runOnlyForDeploymentPostprocessing = 0;
			shellPath = /bin/sh;
			shellScript = "diff \"${PODS_PODFILE_DIR_PATH}/Podfile.lock\" \"${PODS_ROOT}/Manifest.lock\" > /dev/null\nif [ $? != 0 ] ; then\n    # print error to STDERR\n    echo \"error: The sandbox is not in sync with the Podfile.lock. Run 'pod install' or update your CocoaPods installation.\" >&2\n    exit 1\nfi\n# This output is used by Xcode 'outputs' to avoid re-running this script phase.\necho \"SUCCESS\" > \"${SCRIPT_OUTPUT_FILE_0}\"\n";
			showEnvVarsInLog = 0;
		};
		EEE6C85C8D6262526E637E65 /* [CP] Embed Pods Frameworks */ = {
			isa = PBXShellScriptBuildPhase;
			buildActionMask = 2147483647;
			files = (
			);
			inputPaths = (
				"${SRCROOT}/Pods/Target Support Files/Pods-GithubSample/Pods-GithubSample-frameworks.sh",
				"${BUILT_PRODUCTS_DIR}/Alamofire/Alamofire.framework",
				"${BUILT_PRODUCTS_DIR}/SDWebImage/SDWebImage.framework",
				"${BUILT_PRODUCTS_DIR}/SwiftyJSON/SwiftyJSON.framework",
				"${BUILT_PRODUCTS_DIR}/Toast-Swift/Toast_Swift.framework",
			);
			name = "[CP] Embed Pods Frameworks";
			outputPaths = (
				"${TARGET_BUILD_DIR}/${FRAMEWORKS_FOLDER_PATH}/Alamofire.framework",
				"${TARGET_BUILD_DIR}/${FRAMEWORKS_FOLDER_PATH}/SDWebImage.framework",
				"${TARGET_BUILD_DIR}/${FRAMEWORKS_FOLDER_PATH}/SwiftyJSON.framework",
				"${TARGET_BUILD_DIR}/${FRAMEWORKS_FOLDER_PATH}/Toast_Swift.framework",
			);
			runOnlyForDeploymentPostprocessing = 0;
			shellPath = /bin/sh;
			shellScript = "\"${SRCROOT}/Pods/Target Support Files/Pods-GithubSample/Pods-GithubSample-frameworks.sh\"\n";
			showEnvVarsInLog = 0;
		};
/* End PBXShellScriptBuildPhase section */

/* Begin PBXSourcesBuildPhase section */
		E52A8B0C1FE54A0F00CCCC68 /* Sources */ = {
			isa = PBXSourcesBuildPhase;
			buildActionMask = 2147483647;
			files = (
				E5AA98351FE6D4F800BB80B1 /* GSProfileOverviewTableCell.swift in Sources */,
				E5AA98371FE6D4F800BB80B1 /* GSSearchCell.swift in Sources */,
				E5AA98141FE6BB4C00BB80B1 /* GSUserDetailVC.swift in Sources */,
				E52A8B2E1FE5530000CCCC68 /* APIManager.swift in Sources */,
				E5AA984B1FE6F2E500BB80B1 /* User+Services.swift in Sources */,
				E5D572BC1FE55CE100DBD57A /* AppDelegate.swift in Sources */,
				E5D572DC1FE5780300DBD57A /* Constants.swift in Sources */,
				E5D572EB1FE59EAE00DBD57A /* GSSearchListVC.swift in Sources */,
				E52A8B2B1FE552B100CCCC68 /* ConfigurationManager.swift in Sources */,
				E5D572E91FE59EAE00DBD57A /* GSSearchListVC+SearchDelegates.swift in Sources */,
				E5AA984C1FE6F2E500BB80B1 /* User.swift in Sources */,
				E5AA983D1FE6E5A200BB80B1 /* Date+Additons.swift in Sources */,
				E5D572EA1FE59EAE00DBD57A /* GSSearchListVC+TableExtension.swift in Sources */,
				E5AA983B1FE6DB8800BB80B1 /* GSProfileOverviewSubview.swift in Sources */,
				E5AA98161FE6BBBB00BB80B1 /* UIStoryboard+Additions.swift in Sources */,
				E5AA98331FE6D4F800BB80B1 /* GSProfileHeaderTableCell.swift in Sources */,
				E5AA980F1FE6B96300BB80B1 /* GSPlaceholderView.swift in Sources */,
				E5AA98241FE6C82A00BB80B1 /* GSUserDetailVC+TableExtension.swift in Sources */,
				E5D572DF1FE5816A00DBD57A /* UIViewController+Additions.swift in Sources */,
				E5D572E21FE581CC00DBD57A /* GSLoadMoreView.swift in Sources */,
				E5AA98261FE6C95E00BB80B1 /* UIColor+Additions.swift in Sources */,
				E5AA98401FE6EBF500BB80B1 /* GSBioTableCell.swift in Sources */,
			);
			runOnlyForDeploymentPostprocessing = 0;
		};
/* End PBXSourcesBuildPhase section */

/* Begin PBXVariantGroup section */
		E52A8B1C1FE54A0F00CCCC68 /* LaunchScreen.storyboard */ = {
			isa = PBXVariantGroup;
			children = (
				E52A8B1D1FE54A0F00CCCC68 /* Base */,
			);
			name = LaunchScreen.storyboard;
			sourceTree = "<group>";
		};
/* End PBXVariantGroup section */

/* Begin XCBuildConfiguration section */
		E52A8B201FE54A0F00CCCC68 /* Debug */ = {
			isa = XCBuildConfiguration;
			buildSettings = {
				ALWAYS_SEARCH_USER_PATHS = NO;
				CLANG_ANALYZER_NONNULL = YES;
				CLANG_ANALYZER_NUMBER_OBJECT_CONVERSION = YES_AGGRESSIVE;
				CLANG_CXX_LANGUAGE_STANDARD = "gnu++14";
				CLANG_CXX_LIBRARY = "libc++";
				CLANG_ENABLE_MODULES = YES;
				CLANG_ENABLE_OBJC_ARC = YES;
				CLANG_WARN_BLOCK_CAPTURE_AUTORELEASING = YES;
				CLANG_WARN_BOOL_CONVERSION = YES;
				CLANG_WARN_COMMA = YES;
				CLANG_WARN_CONSTANT_CONVERSION = YES;
				CLANG_WARN_DIRECT_OBJC_ISA_USAGE = YES_ERROR;
				CLANG_WARN_DOCUMENTATION_COMMENTS = YES;
				CLANG_WARN_EMPTY_BODY = YES;
				CLANG_WARN_ENUM_CONVERSION = YES;
				CLANG_WARN_INFINITE_RECURSION = YES;
				CLANG_WARN_INT_CONVERSION = YES;
				CLANG_WARN_NON_LITERAL_NULL_CONVERSION = YES;
				CLANG_WARN_OBJC_LITERAL_CONVERSION = YES;
				CLANG_WARN_OBJC_ROOT_CLASS = YES_ERROR;
				CLANG_WARN_RANGE_LOOP_ANALYSIS = YES;
				CLANG_WARN_STRICT_PROTOTYPES = YES;
				CLANG_WARN_SUSPICIOUS_MOVE = YES;
				CLANG_WARN_UNGUARDED_AVAILABILITY = YES_AGGRESSIVE;
				CLANG_WARN_UNREACHABLE_CODE = YES;
				CLANG_WARN__DUPLICATE_METHOD_MATCH = YES;
				CODE_SIGN_IDENTITY = "iPhone Developer";
				COPY_PHASE_STRIP = NO;
				DEBUG_INFORMATION_FORMAT = dwarf;
				ENABLE_STRICT_OBJC_MSGSEND = YES;
				ENABLE_TESTABILITY = YES;
				GCC_C_LANGUAGE_STANDARD = gnu11;
				GCC_DYNAMIC_NO_PIC = NO;
				GCC_NO_COMMON_BLOCKS = YES;
				GCC_OPTIMIZATION_LEVEL = 0;
				GCC_PREPROCESSOR_DEFINITIONS = (
					"DEBUG=1",
					"$(inherited)",
				);
				GCC_WARN_64_TO_32_BIT_CONVERSION = YES;
				GCC_WARN_ABOUT_RETURN_TYPE = YES_ERROR;
				GCC_WARN_UNDECLARED_SELECTOR = YES;
				GCC_WARN_UNINITIALIZED_AUTOS = YES_AGGRESSIVE;
				GCC_WARN_UNUSED_FUNCTION = YES;
				GCC_WARN_UNUSED_VARIABLE = YES;
				IPHONEOS_DEPLOYMENT_TARGET = 11.2;
				MTL_ENABLE_DEBUG_INFO = YES;
				ONLY_ACTIVE_ARCH = YES;
				SDKROOT = iphoneos;
				SWIFT_ACTIVE_COMPILATION_CONDITIONS = DEBUG;
				SWIFT_OPTIMIZATION_LEVEL = "-Onone";
			};
			name = Debug;
		};
		E52A8B211FE54A0F00CCCC68 /* Release */ = {
			isa = XCBuildConfiguration;
			buildSettings = {
				ALWAYS_SEARCH_USER_PATHS = NO;
				CLANG_ANALYZER_NONNULL = YES;
				CLANG_ANALYZER_NUMBER_OBJECT_CONVERSION = YES_AGGRESSIVE;
				CLANG_CXX_LANGUAGE_STANDARD = "gnu++14";
				CLANG_CXX_LIBRARY = "libc++";
				CLANG_ENABLE_MODULES = YES;
				CLANG_ENABLE_OBJC_ARC = YES;
				CLANG_WARN_BLOCK_CAPTURE_AUTORELEASING = YES;
				CLANG_WARN_BOOL_CONVERSION = YES;
				CLANG_WARN_COMMA = YES;
				CLANG_WARN_CONSTANT_CONVERSION = YES;
				CLANG_WARN_DIRECT_OBJC_ISA_USAGE = YES_ERROR;
				CLANG_WARN_DOCUMENTATION_COMMENTS = YES;
				CLANG_WARN_EMPTY_BODY = YES;
				CLANG_WARN_ENUM_CONVERSION = YES;
				CLANG_WARN_INFINITE_RECURSION = YES;
				CLANG_WARN_INT_CONVERSION = YES;
				CLANG_WARN_NON_LITERAL_NULL_CONVERSION = YES;
				CLANG_WARN_OBJC_LITERAL_CONVERSION = YES;
				CLANG_WARN_OBJC_ROOT_CLASS = YES_ERROR;
				CLANG_WARN_RANGE_LOOP_ANALYSIS = YES;
				CLANG_WARN_STRICT_PROTOTYPES = YES;
				CLANG_WARN_SUSPICIOUS_MOVE = YES;
				CLANG_WARN_UNGUARDED_AVAILABILITY = YES_AGGRESSIVE;
				CLANG_WARN_UNREACHABLE_CODE = YES;
				CLANG_WARN__DUPLICATE_METHOD_MATCH = YES;
				CODE_SIGN_IDENTITY = "iPhone Developer";
				COPY_PHASE_STRIP = NO;
				DEBUG_INFORMATION_FORMAT = "dwarf-with-dsym";
				ENABLE_NS_ASSERTIONS = NO;
				ENABLE_STRICT_OBJC_MSGSEND = YES;
				GCC_C_LANGUAGE_STANDARD = gnu11;
				GCC_NO_COMMON_BLOCKS = YES;
				GCC_WARN_64_TO_32_BIT_CONVERSION = YES;
				GCC_WARN_ABOUT_RETURN_TYPE = YES_ERROR;
				GCC_WARN_UNDECLARED_SELECTOR = YES;
				GCC_WARN_UNINITIALIZED_AUTOS = YES_AGGRESSIVE;
				GCC_WARN_UNUSED_FUNCTION = YES;
				GCC_WARN_UNUSED_VARIABLE = YES;
				IPHONEOS_DEPLOYMENT_TARGET = 11.2;
				MTL_ENABLE_DEBUG_INFO = NO;
				SDKROOT = iphoneos;
				SWIFT_OPTIMIZATION_LEVEL = "-Owholemodule";
				VALIDATE_PRODUCT = YES;
			};
			name = Release;
		};
		E52A8B231FE54A0F00CCCC68 /* Debug */ = {
			isa = XCBuildConfiguration;
			baseConfigurationReference = 317EB950DE0E03246CC98BB4 /* Pods-GithubSample.debug.xcconfig */;
			buildSettings = {
				ASSETCATALOG_COMPILER_APPICON_NAME = AppIcon;
				CODE_SIGN_STYLE = Automatic;
				DEVELOPMENT_TEAM = FMA5LQ6WPD;
				INFOPLIST_FILE = GithubSample/Info.plist;
				IPHONEOS_DEPLOYMENT_TARGET = 9.0;
				LD_RUNPATH_SEARCH_PATHS = "$(inherited) @executable_path/Frameworks";
				PRODUCT_BUNDLE_IDENTIFIER = com.rajan.GithubSample;
				PRODUCT_NAME = "$(TARGET_NAME)";
				SWIFT_VERSION = 4.0;
				TARGETED_DEVICE_FAMILY = "1,2";
			};
			name = Debug;
		};
		E52A8B241FE54A0F00CCCC68 /* Release */ = {
			isa = XCBuildConfiguration;
			baseConfigurationReference = F767F54BF729E56896570EBE /* Pods-GithubSample.release.xcconfig */;
			buildSettings = {
				ASSETCATALOG_COMPILER_APPICON_NAME = AppIcon;
				CODE_SIGN_STYLE = Automatic;
				DEVELOPMENT_TEAM = FMA5LQ6WPD;
				INFOPLIST_FILE = GithubSample/Info.plist;
				IPHONEOS_DEPLOYMENT_TARGET = 9.0;
				LD_RUNPATH_SEARCH_PATHS = "$(inherited) @executable_path/Frameworks";
				PRODUCT_BUNDLE_IDENTIFIER = com.rajan.GithubSample;
				PRODUCT_NAME = "$(TARGET_NAME)";
				SWIFT_ACTIVE_COMPILATION_CONDITIONS = "";
				SWIFT_VERSION = 4.0;
				TARGETED_DEVICE_FAMILY = "1,2";
			};
			name = Release;
		};
/* End XCBuildConfiguration section */

/* Begin XCConfigurationList section */
		E52A8B0B1FE54A0F00CCCC68 /* Build configuration list for PBXProject "GithubSample" */ = {
			isa = XCConfigurationList;
			buildConfigurations = (
				E52A8B201FE54A0F00CCCC68 /* Debug */,
				E52A8B211FE54A0F00CCCC68 /* Release */,
			);
			defaultConfigurationIsVisible = 0;
			defaultConfigurationName = Release;
		};
		E52A8B221FE54A0F00CCCC68 /* Build configuration list for PBXNativeTarget "GithubSample" */ = {
			isa = XCConfigurationList;
			buildConfigurations = (
				E52A8B231FE54A0F00CCCC68 /* Debug */,
				E52A8B241FE54A0F00CCCC68 /* Release */,
			);
			defaultConfigurationIsVisible = 0;
			defaultConfigurationName = Release;
		};
/* End XCConfigurationList section */
	};
	rootObject = E52A8B081FE54A0F00CCCC68 /* Project object */;
}
